
Microsoft Visual Studio Solution File, Format Version 12.00
# Visual Studio Version 16
VisualStudioVersion = 16.0.30907.101
MinimumVisualStudioVersion = 10.0.40219.1
Project("{9A19103F-16F7-4668-BE54-9A1E7A4F7556}") = "Zero", "Zero\Zero.csproj", "{B0FCAD75-9EA2-4B4D-9DA8-7B765C26E828}"
EndProject
Project("{9A19103F-16F7-4668-BE54-9A1E7A4F7556}") = "Zero.Core", "Zero.Core\Zero.Core.csproj", "{FE98C5E9-D65C-420E-BBB9-88A579218ADE}"
EndProject
Project("{FAE04EC0-301F-11D3-BF4B-00C04F79EFBC}") = "Zero.Infrastructure", "Zero.Infrastructure\Zero.Infrastructure.csproj", "{C1381E48-2E18-4AF7-A581-B75B0779ACF0}"
EndProject
Global
	GlobalSection(SolutionConfigurationPlatforms) = preSolution
		Debug|Any CPU = Debug|Any CPU
		Release|Any CPU = Release|Any CPU
	EndGlobalSection
	GlobalSection(ProjectConfigurationPlatforms) = postSolution
		{B0FCAD75-9EA2-4B4D-9DA8-7B765C26E828}.Debug|Any CPU.ActiveCfg = Debug|Any CPU
		{B0FCAD75-9EA2-4B4D-9DA8-7B765C26E828}.Debug|Any CPU.Build.0 = Debug|Any CPU
		{B0FCAD75-9EA2-4B4D-9DA8-7B765C26E828}.Release|Any CPU.ActiveCfg = Release|Any CPU
		{B0FCAD75-9EA2-4B4D-9DA8-7B765C26E828}.Release|Any CPU.Build.0 = Release|Any CPU
		{FE98C5E9-D65C-420E-BBB9-88A579218ADE}.Debug|Any CPU.ActiveCfg = Debug|Any CPU
		{FE98C5E9-D65C-420E-BBB9-88A579218ADE}.Debug|Any CPU.Build.0 = Debug|Any CPU
		{FE98C5E9-D65C-420E-BBB9-88A579218ADE}.Release|Any CPU.ActiveCfg = Release|Any CPU
		{FE98C5E9-D65C-420E-BBB9-88A579218ADE}.Release|Any CPU.Build.0 = Release|Any CPU
		{C1381E48-2E18-4AF7-A581-B75B0779ACF0}.Debug|Any CPU.ActiveCfg = Debug|Any CPU
		{C1381E48-2E18-4AF7-A581-B75B0779ACF0}.Debug|Any CPU.Build.0 = Debug|Any CPU
		{C1381E48-2E18-4AF7-A581-B75B0779ACF0}.Release|Any CPU.ActiveCfg = Release|Any CPU
		{C1381E48-2E18-4AF7-A581-B75B0779ACF0}.Release|Any CPU.Build.0 = Release|Any CPU
	EndGlobalSection
	GlobalSection(SolutionProperties) = preSolution
		HideSolutionNode = FALSE
	EndGlobalSection
	GlobalSection(ExtensibilityGlobals) = postSolution
		SolutionGuid = {DD901C2E-0899-4CC3-B6BC-A004513F13DF}
	EndGlobalSection
EndGlobal
